
Microsoft Visual Studio Solution File, Format Version 12.00
# Visual Studio Version 17
VisualStudioVersion = 17.0.32126.317
MinimumVisualStudioVersion = 10.0.40219.1
Project("{FAE04EC0-301F-11D3-BF4B-00C04F79EFBC}") = "Car Management System", "Car Management System\Car Management System.csproj", "{599F1911-35DA-4903-963E-25B529462F3C}"
EndProject
Global
	GlobalSection(SolutionConfigurationPlatforms) = preSolution
		Debug|Any CPU = Debug|Any CPU
		Release|Any CPU = Release|Any CPU
	EndGlobalSection
	GlobalSection(ProjectConfigurationPlatforms) = postSolution
		{599F1911-35DA-4903-963E-25B529462F3C}.Debug|Any CPU.ActiveCfg = Debug|Any CPU
		{599F1911-35DA-4903-963E-25B529462F3C}.Debug|Any CPU.Build.0 = Debug|Any CPU
		{599F1911-35DA-4903-963E-25B529462F3C}.Release|Any CPU.ActiveCfg = Release|Any CPU
		{599F1911-35DA-4903-963E-25B529462F3C}.Release|Any CPU.Build.0 = Release|Any CPU
	EndGlobalSection
	GlobalSection(SolutionProperties) = preSolution
		HideSolutionNode = FALSE
	EndGlobalSection
	GlobalSection(ExtensibilityGlobals) = postSolution
		SolutionGuid = {D311F7E0-63F8-461B-B356-6472E346F388}
	EndGlobalSection
EndGlobal
